PODS:
  - KcDebugSwift (0.1.1):
    - KcDebugSwift/FindProperty (= 0.1.1)
    - KcDebugSwift/MRC (= 0.1.1)
    - KcDebugSwift/Tool (= 0.1.1)
    - KcDebugSwift/UIProperty (= 0.1.1)
  - KcDebugSwift/FindProperty (0.1.1):
    - KcDebugSwift/Tool
  - KcDebugSwift/MRC (0.1.1)
  - KcDebugSwift/Tool (0.1.1):
    - KcDebugSwift/MRC
  - KcDebugSwift/UIProperty (0.1.1):
    - KcDebugSwift/FindProperty

DEPENDENCIES:
  - KcDebugSwift (from `../`)

EXTERNAL SOURCES:
  KcDebugSwift:
    :path: "../"

SPEC CHECKSUMS:
  KcDebugSwift: 2322610c97a9ddb3ac2d685b3d17824f749ff0f4

PODFILE CHECKSUM: bb708afe3e425d64bcb52c127384743d4312fb69

COCOAPODS: 1.13.0
