PODS:
  - fishhook (0.2)
  - KcDebugSwift (0.0.7):
    - KcDebugSwift/Associations (= 0.0.7)
    - KcDebugSwift/CircularReference (= 0.0.7)
    - KcDebugSwift/FindProperty (= 0.0.7)
    - KcDebugSwift/Tool (= 0.0.7)
  - KcDebugSwift/Associations (0.0.7):
    - fishhook
  - KcDebugSwift/CircularReference (0.0.7):
    - KcDebugSwift/Associations
    - KcDebugSwift/FindProperty
    - KcDebugSwift/Tool
  - KcDebugSwift/FindProperty (0.0.7):
    - KcDebugSwift/Tool
  - KcDebugSwift/Tool (0.0.7)

DEPENDENCIES:
  - KcDebugSwift (from `../`)

SPEC REPOS:
  trunk:
    - fishhook

EXTERNAL SOURCES:
  KcDebugSwift:
    :path: "../"

SPEC CHECKSUMS:
  fishhook: ea19933abfe8f2f52c55fd8b6e2718467d3ebc89
  KcDebugSwift: 326547fa969bb3a78b75d321bd2966db59096f77

PODFILE CHECKSUM: a8ab156a6768f0137a79aadced5b42c34562a1e7

COCOAPODS: 1.10.2
